
Microsoft Visual Studio Solution File, Format Version 12.00
# Visual Studio Version 17
VisualStudioVersion = 17.0.32112.339
MinimumVisualStudioVersion = 10.0.40219.1
Project("{9A19103F-16F7-4668-BE54-9A1E7A4F7556}") = "Tests", "tests\Tests\Tests.csproj", "{A6B79146-761A-40C3-951D-7415297792FD}"
EndProject
Project("{9A19103F-16F7-4668-BE54-9A1E7A4F7556}") = "RepoM.App", "src\RepoM.App\RepoM.App.csproj", "{15B095B0-474F-46EE-A880-70EFA4204579}"
EndProject
Project("{9A19103F-16F7-4668-BE54-9A1E7A4F7556}") = "Specs", "tests\Specs\Specs.csproj", "{C91C3255-637F-45D4-93C0-6A26B4E99FC1}"
EndProject
Project("{9A19103F-16F7-4668-BE54-9A1E7A4F7556}") = "RepoM.Api", "src\RepoM.Api\RepoM.Api.csproj", "{699FA61D-A44D-4710-A6DD-52016DAC51D7}"
EndProject
Project("{9A19103F-16F7-4668-BE54-9A1E7A4F7556}") = "RepoM.Plugin.LuceneSearch", "src\RepoM.Plugin.LuceneSearch\RepoM.Plugin.LuceneSearch.csproj", "{409FE957-77C4-40E9-80F2-EBE26676645E}"
EndProject
Project("{9A19103F-16F7-4668-BE54-9A1E7A4F7556}") = "RepoM.Plugin.LuceneSearch.Tests", "tests\RepoM.Plugin.LuceneSearch.Tests\RepoM.Plugin.LuceneSearch.Tests.csproj", "{48ED60BB-E01F-4395-978E-D25C11C25E52}"
EndProject
Project("{9A19103F-16F7-4668-BE54-9A1E7A4F7556}") = "RepoM.Plugin.WindowsExplorerGitInfo", "src\RepoM.Plugin.WindowsExplorerGitInfo\RepoM.Plugin.WindowsExplorerGitInfo.csproj", "{6214312F-61F1-4F4C-A9E2-3383987DE266}"
EndProject
Project("{2150E333-8FDC-42A3-9474-1A3956D46DE8}") = "Modules", "Modules", "{D6E372DC-10D3-4997-9DFC-568B4666635A}"
EndProject
Project("{9A19103F-16F7-4668-BE54-9A1E7A4F7556}") = "RepoM.Plugin.EverythingFileSearch", "src\RepoM.Plugin.EverythingFileSearch\RepoM.Plugin.EverythingFileSearch.csproj", "{C85EAF73-3491-4C67-9047-B677CC999184}"
EndProject
Project("{9A19103F-16F7-4668-BE54-9A1E7A4F7556}") = "RepoM.Plugin.SonarCloud", "src\RepoM.Plugin.SonarCloud\RepoM.Plugin.SonarCloud.csproj", "{F780A2C4-0DAD-4DAA-AF2E-7B35683535EB}"
EndProject
Project("{9A19103F-16F7-4668-BE54-9A1E7A4F7556}") = "RepoM.Plugin.SonarCloud.Tests", "tests\RepoM.Plugin.SonarCloud.Tests\RepoM.Plugin.SonarCloud.Tests.csproj", "{74B95BAF-0DB4-42C8-92EA-A364E8080809}"
EndProject
Project("{9A19103F-16F7-4668-BE54-9A1E7A4F7556}") = "RepoM.Plugin.AzureDevOps", "src\RepoM.Plugin.AzureDevOps\RepoM.Plugin.AzureDevOps.csproj", "{26FF9590-66C7-4B87-9574-E816E1E36628}"
EndProject
Project("{9A19103F-16F7-4668-BE54-9A1E7A4F7556}") = "RepoM.Plugin.AzureDevOps.Tests", "tests\RepoM.Plugin.AzureDevOps.Tests\RepoM.Plugin.AzureDevOps.Tests.csproj", "{C2014EE2-F17C-478E-B282-9D0971065BB8}"
EndProject
Project("{9A19103F-16F7-4668-BE54-9A1E7A4F7556}") = "RepoM.Api.Tests", "tests\RepoM.Api.Tests\RepoM.Api.Tests.csproj", "{A798CB57-4743-4486-BF0E-93F7563A542B}"
EndProject
Project("{9A19103F-16F7-4668-BE54-9A1E7A4F7556}") = "RepoM.Core.Plugin", "src\RepoM.Core.Plugin\RepoM.Core.Plugin.csproj", "{E38D9928-A0A6-4978-BD7E-C7F2E2B6BC9B}"
EndProject
Project("{9A19103F-16F7-4668-BE54-9A1E7A4F7556}") = "RepoM.Plugin.Statistics", "src\RepoM.Plugin.Statistics\RepoM.Plugin.Statistics.csproj", "{DF4F5FA8-0E3F-4D84-A048-20242FD032BC}"
EndProject
Project("{9A19103F-16F7-4668-BE54-9A1E7A4F7556}") = "RepoM.Plugin.Statistics.Tests", "tests\RepoM.Plugin.Statistics.Tests\RepoM.Plugin.Statistics.Tests.csproj", "{C90AA844-B355-4C62-96FA-D4F338EE094A}"
EndProject
Project("{9A19103F-16F7-4668-BE54-9A1E7A4F7556}") = "RepoM.Plugin.Heidi", "src\RepoM.Plugin.Heidi\RepoM.Plugin.Heidi.csproj", "{B7DF13CF-BDF5-4154-8C83-31A6D7514D11}"
EndProject
Project("{9A19103F-16F7-4668-BE54-9A1E7A4F7556}") = "RepoM.Plugin.Heidi.Tests", "tests\RepoM.Plugin.Heidi.Tests\RepoM.Plugin.Heidi.Tests.csproj", "{1F18CE9A-8E4A-43AB-8E17-34F7564E2198}"
EndProject
Project("{9A19103F-16F7-4668-BE54-9A1E7A4F7556}") = "RepoM.Plugin.Clipboard", "src\RepoM.Plugin.Clipboard\RepoM.Plugin.Clipboard.csproj", "{8F87B73D-8A5D-4335-96E9-97EE0495B671}"
EndProject
Project("{9A19103F-16F7-4668-BE54-9A1E7A4F7556}") = "RepoM.Plugin.Clipboard.Tests", "tests\RepoM.Plugin.Clipboard.Tests\RepoM.Plugin.Clipboard.Tests.csproj", "{A26EF3E9-C267-499C-B5AB-E4FB3C7AB6E1}"
EndProject
Project("{9A19103F-16F7-4668-BE54-9A1E7A4F7556}") = "RepoM.Plugin.EverythingFileSearch.Tests", "tests\RepoM.Plugin.EverythingFileSearch.Tests\RepoM.Plugin.EverythingFileSearch.Tests.csproj", "{89D96078-2951-44C2-B5B1-1DA0D5E94C0C}"
EndProject
Global
	GlobalSection(SolutionConfigurationPlatforms) = preSolution
		Debug|Any CPU = Debug|Any CPU
		Debug|ARM = Debug|ARM
		Debug|ARM64 = Debug|ARM64
		Debug|x64 = Debug|x64
		Debug|x86 = Debug|x86
		Release|Any CPU = Release|Any CPU
		Release|ARM = Release|ARM
		Release|ARM64 = Release|ARM64
		Release|x64 = Release|x64
		Release|x86 = Release|x86
	EndGlobalSection
	GlobalSection(ProjectConfigurationPlatforms) = postSolution
		{A6B79146-761A-40C3-951D-7415297792FD}.Debug|Any CPU.ActiveCfg = Debug|Any CPU
		{A6B79146-761A-40C3-951D-7415297792FD}.Debug|Any CPU.Build.0 = Debug|Any CPU
		{A6B79146-761A-40C3-951D-7415297792FD}.Debug|ARM.ActiveCfg = Debug|Any CPU
		{A6B79146-761A-40C3-951D-7415297792FD}.Debug|ARM.Build.0 = Debug|Any CPU
		{A6B79146-761A-40C3-951D-7415297792FD}.Debug|ARM64.ActiveCfg = Debug|Any CPU
		{A6B79146-761A-40C3-951D-7415297792FD}.Debug|ARM64.Build.0 = Debug|Any CPU
		{A6B79146-761A-40C3-951D-7415297792FD}.Debug|x64.ActiveCfg = Debug|Any CPU
		{A6B79146-761A-40C3-951D-7415297792FD}.Debug|x64.Build.0 = Debug|Any CPU
		{A6B79146-761A-40C3-951D-7415297792FD}.Debug|x86.ActiveCfg = Debug|Any CPU
		{A6B79146-761A-40C3-951D-7415297792FD}.Debug|x86.Build.0 = Debug|Any CPU
		{A6B79146-761A-40C3-951D-7415297792FD}.Release|Any CPU.ActiveCfg = Release|Any CPU
		{A6B79146-761A-40C3-951D-7415297792FD}.Release|Any CPU.Build.0 = Release|Any CPU
		{A6B79146-761A-40C3-951D-7415297792FD}.Release|ARM.ActiveCfg = Release|Any CPU
		{A6B79146-761A-40C3-951D-7415297792FD}.Release|ARM.Build.0 = Release|Any CPU
		{A6B79146-761A-40C3-951D-7415297792FD}.Release|ARM64.ActiveCfg = Release|Any CPU
		{A6B79146-761A-40C3-951D-7415297792FD}.Release|ARM64.Build.0 = Release|Any CPU
		{A6B79146-761A-40C3-951D-7415297792FD}.Release|x64.ActiveCfg = Release|Any CPU
		{A6B79146-761A-40C3-951D-7415297792FD}.Release|x64.Build.0 = Release|Any CPU
		{A6B79146-761A-40C3-951D-7415297792FD}.Release|x86.ActiveCfg = Release|Any CPU
		{A6B79146-761A-40C3-951D-7415297792FD}.Release|x86.Build.0 = Release|Any CPU
		{15B095B0-474F-46EE-A880-70EFA4204579}.Debug|Any CPU.ActiveCfg = Debug|Any CPU
		{15B095B0-474F-46EE-A880-70EFA4204579}.Debug|Any CPU.Build.0 = Debug|Any CPU
		{15B095B0-474F-46EE-A880-70EFA4204579}.Debug|ARM.ActiveCfg = Debug|Any CPU
		{15B095B0-474F-46EE-A880-70EFA4204579}.Debug|ARM.Build.0 = Debug|Any CPU
		{15B095B0-474F-46EE-A880-70EFA4204579}.Debug|ARM64.ActiveCfg = Debug|Any CPU
		{15B095B0-474F-46EE-A880-70EFA4204579}.Debug|ARM64.Build.0 = Debug|Any CPU
		{15B095B0-474F-46EE-A880-70EFA4204579}.Debug|x64.ActiveCfg = Debug|Any CPU
		{15B095B0-474F-46EE-A880-70EFA4204579}.Debug|x64.Build.0 = Debug|Any CPU
		{15B095B0-474F-46EE-A880-70EFA4204579}.Debug|x86.ActiveCfg = Debug|Any CPU
		{15B095B0-474F-46EE-A880-70EFA4204579}.Debug|x86.Build.0 = Debug|Any CPU
		{15B095B0-474F-46EE-A880-70EFA4204579}.Release|Any CPU.ActiveCfg = Release|Any CPU
		{15B095B0-474F-46EE-A880-70EFA4204579}.Release|Any CPU.Build.0 = Release|Any CPU
		{15B095B0-474F-46EE-A880-70EFA4204579}.Release|ARM.ActiveCfg = Release|Any CPU
		{15B095B0-474F-46EE-A880-70EFA4204579}.Release|ARM.Build.0 = Release|Any CPU
		{15B095B0-474F-46EE-A880-70EFA4204579}.Release|ARM64.ActiveCfg = Release|Any CPU
		{15B095B0-474F-46EE-A880-70EFA4204579}.Release|ARM64.Build.0 = Release|Any CPU
		{15B095B0-474F-46EE-A880-70EFA4204579}.Release|x64.ActiveCfg = Release|Any CPU
		{15B095B0-474F-46EE-A880-70EFA4204579}.Release|x64.Build.0 = Release|Any CPU
		{15B095B0-474F-46EE-A880-70EFA4204579}.Release|x86.ActiveCfg = Release|Any CPU
		{15B095B0-474F-46EE-A880-70EFA4204579}.Release|x86.Build.0 = Release|Any CPU
		{C91C3255-637F-45D4-93C0-6A26B4E99FC1}.Debug|Any CPU.ActiveCfg = Debug|Any CPU
		{C91C3255-637F-45D4-93C0-6A26B4E99FC1}.Debug|Any CPU.Build.0 = Debug|Any CPU
		{C91C3255-637F-45D4-93C0-6A26B4E99FC1}.Debug|ARM.ActiveCfg = Debug|Any CPU
		{C91C3255-637F-45D4-93C0-6A26B4E99FC1}.Debug|ARM.Build.0 = Debug|Any CPU
		{C91C3255-637F-45D4-93C0-6A26B4E99FC1}.Debug|ARM64.ActiveCfg = Debug|Any CPU
		{C91C3255-637F-45D4-93C0-6A26B4E99FC1}.Debug|ARM64.Build.0 = Debug|Any CPU
		{C91C3255-637F-45D4-93C0-6A26B4E99FC1}.Debug|x64.ActiveCfg = Debug|Any CPU
		{C91C3255-637F-45D4-93C0-6A26B4E99FC1}.Debug|x64.Build.0 = Debug|Any CPU
		{C91C3255-637F-45D4-93C0-6A26B4E99FC1}.Debug|x86.ActiveCfg = Debug|Any CPU
		{C91C3255-637F-45D4-93C0-6A26B4E99FC1}.Debug|x86.Build.0 = Debug|Any CPU
		{C91C3255-637F-45D4-93C0-6A26B4E99FC1}.Release|Any CPU.ActiveCfg = Release|Any CPU
		{C91C3255-637F-45D4-93C0-6A26B4E99FC1}.Release|Any CPU.Build.0 = Release|Any CPU
		{C91C3255-637F-45D4-93C0-6A26B4E99FC1}.Release|ARM.ActiveCfg = Release|Any CPU
		{C91C3255-637F-45D4-93C0-6A26B4E99FC1}.Release|ARM.Build.0 = Release|Any CPU
		{C91C3255-637F-45D4-93C0-6A26B4E99FC1}.Release|ARM64.ActiveCfg = Release|Any CPU
		{C91C3255-637F-45D4-93C0-6A26B4E99FC1}.Release|ARM64.Build.0 = Release|Any CPU
		{C91C3255-637F-45D4-93C0-6A26B4E99FC1}.Release|x64.ActiveCfg = Release|Any CPU
		{C91C3255-637F-45D4-93C0-6A26B4E99FC1}.Release|x64.Build.0 = Release|Any CPU
		{C91C3255-637F-45D4-93C0-6A26B4E99FC1}.Release|x86.ActiveCfg = Release|Any CPU
		{C91C3255-637F-45D4-93C0-6A26B4E99FC1}.Release|x86.Build.0 = Release|Any CPU
		{699FA61D-A44D-4710-A6DD-52016DAC51D7}.Debug|Any CPU.ActiveCfg = Debug|Any CPU
		{699FA61D-A44D-4710-A6DD-52016DAC51D7}.Debug|Any CPU.Build.0 = Debug|Any CPU
		{699FA61D-A44D-4710-A6DD-52016DAC51D7}.Debug|ARM.ActiveCfg = Debug|Any CPU
		{699FA61D-A44D-4710-A6DD-52016DAC51D7}.Debug|ARM.Build.0 = Debug|Any CPU
		{699FA61D-A44D-4710-A6DD-52016DAC51D7}.Debug|ARM64.ActiveCfg = Debug|Any CPU
		{699FA61D-A44D-4710-A6DD-52016DAC51D7}.Debug|ARM64.Build.0 = Debug|Any CPU
		{699FA61D-A44D-4710-A6DD-52016DAC51D7}.Debug|x64.ActiveCfg = Debug|Any CPU
		{699FA61D-A44D-4710-A6DD-52016DAC51D7}.Debug|x64.Build.0 = Debug|Any CPU
		{699FA61D-A44D-4710-A6DD-52016DAC51D7}.Debug|x86.ActiveCfg = Debug|Any CPU
		{699FA61D-A44D-4710-A6DD-52016DAC51D7}.Debug|x86.Build.0 = Debug|Any CPU
		{699FA61D-A44D-4710-A6DD-52016DAC51D7}.Release|Any CPU.ActiveCfg = Release|Any CPU
		{699FA61D-A44D-4710-A6DD-52016DAC51D7}.Release|Any CPU.Build.0 = Release|Any CPU
		{699FA61D-A44D-4710-A6DD-52016DAC51D7}.Release|ARM.ActiveCfg = Release|Any CPU
		{699FA61D-A44D-4710-A6DD-52016DAC51D7}.Release|ARM.Build.0 = Release|Any CPU
		{699FA61D-A44D-4710-A6DD-52016DAC51D7}.Release|ARM64.ActiveCfg = Release|Any CPU
		{699FA61D-A44D-4710-A6DD-52016DAC51D7}.Release|ARM64.Build.0 = Release|Any CPU
		{699FA61D-A44D-4710-A6DD-52016DAC51D7}.Release|x64.ActiveCfg = Release|Any CPU
		{699FA61D-A44D-4710-A6DD-52016DAC51D7}.Release|x64.Build.0 = Release|Any CPU
		{699FA61D-A44D-4710-A6DD-52016DAC51D7}.Release|x86.ActiveCfg = Release|Any CPU
		{699FA61D-A44D-4710-A6DD-52016DAC51D7}.Release|x86.Build.0 = Release|Any CPU
		{409FE957-77C4-40E9-80F2-EBE26676645E}.Debug|Any CPU.ActiveCfg = Debug|Any CPU
		{409FE957-77C4-40E9-80F2-EBE26676645E}.Debug|Any CPU.Build.0 = Debug|Any CPU
		{409FE957-77C4-40E9-80F2-EBE26676645E}.Debug|ARM.ActiveCfg = Debug|Any CPU
		{409FE957-77C4-40E9-80F2-EBE26676645E}.Debug|ARM.Build.0 = Debug|Any CPU
		{409FE957-77C4-40E9-80F2-EBE26676645E}.Debug|ARM64.ActiveCfg = Debug|Any CPU
		{409FE957-77C4-40E9-80F2-EBE26676645E}.Debug|ARM64.Build.0 = Debug|Any CPU
		{409FE957-77C4-40E9-80F2-EBE26676645E}.Debug|x64.ActiveCfg = Debug|Any CPU
		{409FE957-77C4-40E9-80F2-EBE26676645E}.Debug|x64.Build.0 = Debug|Any CPU
		{409FE957-77C4-40E9-80F2-EBE26676645E}.Debug|x86.ActiveCfg = Debug|Any CPU
		{409FE957-77C4-40E9-80F2-EBE26676645E}.Debug|x86.Build.0 = Debug|Any CPU
		{409FE957-77C4-40E9-80F2-EBE26676645E}.Release|Any CPU.ActiveCfg = Release|Any CPU
		{409FE957-77C4-40E9-80F2-EBE26676645E}.Release|Any CPU.Build.0 = Release|Any CPU
		{409FE957-77C4-40E9-80F2-EBE26676645E}.Release|ARM.ActiveCfg = Release|Any CPU
		{409FE957-77C4-40E9-80F2-EBE26676645E}.Release|ARM.Build.0 = Release|Any CPU
		{409FE957-77C4-40E9-80F2-EBE26676645E}.Release|ARM64.ActiveCfg = Release|Any CPU
		{409FE957-77C4-40E9-80F2-EBE26676645E}.Release|ARM64.Build.0 = Release|Any CPU
		{409FE957-77C4-40E9-80F2-EBE26676645E}.Release|x64.ActiveCfg = Release|Any CPU
		{409FE957-77C4-40E9-80F2-EBE26676645E}.Release|x64.Build.0 = Release|Any CPU
		{409FE957-77C4-40E9-80F2-EBE26676645E}.Release|x86.ActiveCfg = Release|Any CPU
		{409FE957-77C4-40E9-80F2-EBE26676645E}.Release|x86.Build.0 = Release|Any CPU
		{48ED60BB-E01F-4395-978E-D25C11C25E52}.Debug|Any CPU.ActiveCfg = Debug|Any CPU
		{48ED60BB-E01F-4395-978E-D25C11C25E52}.Debug|Any CPU.Build.0 = Debug|Any CPU
		{48ED60BB-E01F-4395-978E-D25C11C25E52}.Debug|ARM.ActiveCfg = Debug|Any CPU
		{48ED60BB-E01F-4395-978E-D25C11C25E52}.Debug|ARM.Build.0 = Debug|Any CPU
		{48ED60BB-E01F-4395-978E-D25C11C25E52}.Debug|ARM64.ActiveCfg = Debug|Any CPU
		{48ED60BB-E01F-4395-978E-D25C11C25E52}.Debug|ARM64.Build.0 = Debug|Any CPU
		{48ED60BB-E01F-4395-978E-D25C11C25E52}.Debug|x64.ActiveCfg = Debug|Any CPU
		{48ED60BB-E01F-4395-978E-D25C11C25E52}.Debug|x64.Build.0 = Debug|Any CPU
		{48ED60BB-E01F-4395-978E-D25C11C25E52}.Debug|x86.ActiveCfg = Debug|Any CPU
		{48ED60BB-E01F-4395-978E-D25C11C25E52}.Debug|x86.Build.0 = Debug|Any CPU
		{48ED60BB-E01F-4395-978E-D25C11C25E52}.Release|Any CPU.ActiveCfg = Release|Any CPU
		{48ED60BB-E01F-4395-978E-D25C11C25E52}.Release|Any CPU.Build.0 = Release|Any CPU
		{48ED60BB-E01F-4395-978E-D25C11C25E52}.Release|ARM.ActiveCfg = Release|Any CPU
		{48ED60BB-E01F-4395-978E-D25C11C25E52}.Release|ARM.Build.0 = Release|Any CPU
		{48ED60BB-E01F-4395-978E-D25C11C25E52}.Release|ARM64.ActiveCfg = Release|Any CPU
		{48ED60BB-E01F-4395-978E-D25C11C25E52}.Release|ARM64.Build.0 = Release|Any CPU
		{48ED60BB-E01F-4395-978E-D25C11C25E52}.Release|x64.ActiveCfg = Release|Any CPU
		{48ED60BB-E01F-4395-978E-D25C11C25E52}.Release|x64.Build.0 = Release|Any CPU
		{48ED60BB-E01F-4395-978E-D25C11C25E52}.Release|x86.ActiveCfg = Release|Any CPU
		{48ED60BB-E01F-4395-978E-D25C11C25E52}.Release|x86.Build.0 = Release|Any CPU
		{6214312F-61F1-4F4C-A9E2-3383987DE266}.Debug|Any CPU.ActiveCfg = Debug|Any CPU
		{6214312F-61F1-4F4C-A9E2-3383987DE266}.Debug|Any CPU.Build.0 = Debug|Any CPU
		{6214312F-61F1-4F4C-A9E2-3383987DE266}.Debug|ARM.ActiveCfg = Debug|Any CPU
		{6214312F-61F1-4F4C-A9E2-3383987DE266}.Debug|ARM.Build.0 = Debug|Any CPU
		{6214312F-61F1-4F4C-A9E2-3383987DE266}.Debug|ARM64.ActiveCfg = Debug|Any CPU
		{6214312F-61F1-4F4C-A9E2-3383987DE266}.Debug|ARM64.Build.0 = Debug|Any CPU
		{6214312F-61F1-4F4C-A9E2-3383987DE266}.Debug|x64.ActiveCfg = Debug|Any CPU
		{6214312F-61F1-4F4C-A9E2-3383987DE266}.Debug|x64.Build.0 = Debug|Any CPU
		{6214312F-61F1-4F4C-A9E2-3383987DE266}.Debug|x86.ActiveCfg = Debug|Any CPU
		{6214312F-61F1-4F4C-A9E2-3383987DE266}.Debug|x86.Build.0 = Debug|Any CPU
		{6214312F-61F1-4F4C-A9E2-3383987DE266}.Release|Any CPU.ActiveCfg = Release|Any CPU
		{6214312F-61F1-4F4C-A9E2-3383987DE266}.Release|Any CPU.Build.0 = Release|Any CPU
		{6214312F-61F1-4F4C-A9E2-3383987DE266}.Release|ARM.ActiveCfg = Release|Any CPU
		{6214312F-61F1-4F4C-A9E2-3383987DE266}.Release|ARM.Build.0 = Release|Any CPU
		{6214312F-61F1-4F4C-A9E2-3383987DE266}.Release|ARM64.ActiveCfg = Release|Any CPU
		{6214312F-61F1-4F4C-A9E2-3383987DE266}.Release|ARM64.Build.0 = Release|Any CPU
		{6214312F-61F1-4F4C-A9E2-3383987DE266}.Release|x64.ActiveCfg = Release|Any CPU
		{6214312F-61F1-4F4C-A9E2-3383987DE266}.Release|x64.Build.0 = Release|Any CPU
		{6214312F-61F1-4F4C-A9E2-3383987DE266}.Release|x86.ActiveCfg = Release|Any CPU
		{6214312F-61F1-4F4C-A9E2-3383987DE266}.Release|x86.Build.0 = Release|Any CPU
		{C85EAF73-3491-4C67-9047-B677CC999184}.Debug|Any CPU.ActiveCfg = Debug|Any CPU
		{C85EAF73-3491-4C67-9047-B677CC999184}.Debug|Any CPU.Build.0 = Debug|Any CPU
		{C85EAF73-3491-4C67-9047-B677CC999184}.Debug|ARM.ActiveCfg = Debug|Any CPU
		{C85EAF73-3491-4C67-9047-B677CC999184}.Debug|ARM.Build.0 = Debug|Any CPU
		{C85EAF73-3491-4C67-9047-B677CC999184}.Debug|ARM64.ActiveCfg = Debug|Any CPU
		{C85EAF73-3491-4C67-9047-B677CC999184}.Debug|ARM64.Build.0 = Debug|Any CPU
		{C85EAF73-3491-4C67-9047-B677CC999184}.Debug|x64.ActiveCfg = Debug|Any CPU
		{C85EAF73-3491-4C67-9047-B677CC999184}.Debug|x64.Build.0 = Debug|Any CPU
		{C85EAF73-3491-4C67-9047-B677CC999184}.Debug|x86.ActiveCfg = Debug|Any CPU
		{C85EAF73-3491-4C67-9047-B677CC999184}.Debug|x86.Build.0 = Debug|Any CPU
		{C85EAF73-3491-4C67-9047-B677CC999184}.Release|Any CPU.ActiveCfg = Release|Any CPU
		{C85EAF73-3491-4C67-9047-B677CC999184}.Release|Any CPU.Build.0 = Release|Any CPU
		{C85EAF73-3491-4C67-9047-B677CC999184}.Release|ARM.ActiveCfg = Release|Any CPU
		{C85EAF73-3491-4C67-9047-B677CC999184}.Release|ARM.Build.0 = Release|Any CPU
		{C85EAF73-3491-4C67-9047-B677CC999184}.Release|ARM64.ActiveCfg = Release|Any CPU
		{C85EAF73-3491-4C67-9047-B677CC999184}.Release|ARM64.Build.0 = Release|Any CPU
		{C85EAF73-3491-4C67-9047-B677CC999184}.Release|x64.ActiveCfg = Release|Any CPU
		{C85EAF73-3491-4C67-9047-B677CC999184}.Release|x64.Build.0 = Release|Any CPU
		{C85EAF73-3491-4C67-9047-B677CC999184}.Release|x86.ActiveCfg = Release|Any CPU
		{C85EAF73-3491-4C67-9047-B677CC999184}.Release|x86.Build.0 = Release|Any CPU
		{F780A2C4-0DAD-4DAA-AF2E-7B35683535EB}.Debug|Any CPU.ActiveCfg = Debug|Any CPU
		{F780A2C4-0DAD-4DAA-AF2E-7B35683535EB}.Debug|Any CPU.Build.0 = Debug|Any CPU
		{F780A2C4-0DAD-4DAA-AF2E-7B35683535EB}.Debug|ARM.ActiveCfg = Debug|Any CPU
		{F780A2C4-0DAD-4DAA-AF2E-7B35683535EB}.Debug|ARM.Build.0 = Debug|Any CPU
		{F780A2C4-0DAD-4DAA-AF2E-7B35683535EB}.Debug|ARM64.ActiveCfg = Debug|Any CPU
		{F780A2C4-0DAD-4DAA-AF2E-7B35683535EB}.Debug|ARM64.Build.0 = Debug|Any CPU
		{F780A2C4-0DAD-4DAA-AF2E-7B35683535EB}.Debug|x64.ActiveCfg = Debug|Any CPU
		{F780A2C4-0DAD-4DAA-AF2E-7B35683535EB}.Debug|x64.Build.0 = Debug|Any CPU
		{F780A2C4-0DAD-4DAA-AF2E-7B35683535EB}.Debug|x86.ActiveCfg = Debug|Any CPU
		{F780A2C4-0DAD-4DAA-AF2E-7B35683535EB}.Debug|x86.Build.0 = Debug|Any CPU
		{F780A2C4-0DAD-4DAA-AF2E-7B35683535EB}.Release|Any CPU.ActiveCfg = Release|Any CPU
		{F780A2C4-0DAD-4DAA-AF2E-7B35683535EB}.Release|Any CPU.Build.0 = Release|Any CPU
		{F780A2C4-0DAD-4DAA-AF2E-7B35683535EB}.Release|ARM.ActiveCfg = Release|Any CPU
		{F780A2C4-0DAD-4DAA-AF2E-7B35683535EB}.Release|ARM.Build.0 = Release|Any CPU
		{F780A2C4-0DAD-4DAA-AF2E-7B35683535EB}.Release|ARM64.ActiveCfg = Release|Any CPU
		{F780A2C4-0DAD-4DAA-AF2E-7B35683535EB}.Release|ARM64.Build.0 = Release|Any CPU
		{F780A2C4-0DAD-4DAA-AF2E-7B35683535EB}.Release|x64.ActiveCfg = Release|Any CPU
		{F780A2C4-0DAD-4DAA-AF2E-7B35683535EB}.Release|x64.Build.0 = Release|Any CPU
		{F780A2C4-0DAD-4DAA-AF2E-7B35683535EB}.Release|x86.ActiveCfg = Release|Any CPU
		{F780A2C4-0DAD-4DAA-AF2E-7B35683535EB}.Release|x86.Build.0 = Release|Any CPU
		{74B95BAF-0DB4-42C8-92EA-A364E8080809}.Debug|Any CPU.ActiveCfg = Debug|Any CPU
		{74B95BAF-0DB4-42C8-92EA-A364E8080809}.Debug|Any CPU.Build.0 = Debug|Any CPU
		{74B95BAF-0DB4-42C8-92EA-A364E8080809}.Debug|ARM.ActiveCfg = Debug|Any CPU
		{74B95BAF-0DB4-42C8-92EA-A364E8080809}.Debug|ARM.Build.0 = Debug|Any CPU
		{74B95BAF-0DB4-42C8-92EA-A364E8080809}.Debug|ARM64.ActiveCfg = Debug|Any CPU
		{74B95BAF-0DB4-42C8-92EA-A364E8080809}.Debug|ARM64.Build.0 = Debug|Any CPU
		{74B95BAF-0DB4-42C8-92EA-A364E8080809}.Debug|x64.ActiveCfg = Debug|Any CPU
		{74B95BAF-0DB4-42C8-92EA-A364E8080809}.Debug|x64.Build.0 = Debug|Any CPU
		{74B95BAF-0DB4-42C8-92EA-A364E8080809}.Debug|x86.ActiveCfg = Debug|Any CPU
		{74B95BAF-0DB4-42C8-92EA-A364E8080809}.Debug|x86.Build.0 = Debug|Any CPU
		{74B95BAF-0DB4-42C8-92EA-A364E8080809}.Release|Any CPU.ActiveCfg = Release|Any CPU
		{74B95BAF-0DB4-42C8-92EA-A364E8080809}.Release|Any CPU.Build.0 = Release|Any CPU
		{74B95BAF-0DB4-42C8-92EA-A364E8080809}.Release|ARM.ActiveCfg = Release|Any CPU
		{74B95BAF-0DB4-42C8-92EA-A364E8080809}.Release|ARM.Build.0 = Release|Any CPU
		{74B95BAF-0DB4-42C8-92EA-A364E8080809}.Release|ARM64.ActiveCfg = Release|Any CPU
		{74B95BAF-0DB4-42C8-92EA-A364E8080809}.Release|ARM64.Build.0 = Release|Any CPU
		{74B95BAF-0DB4-42C8-92EA-A364E8080809}.Release|x64.ActiveCfg = Release|Any CPU
		{74B95BAF-0DB4-42C8-92EA-A364E8080809}.Release|x64.Build.0 = Release|Any CPU
		{74B95BAF-0DB4-42C8-92EA-A364E8080809}.Release|x86.ActiveCfg = Release|Any CPU
		{74B95BAF-0DB4-42C8-92EA-A364E8080809}.Release|x86.Build.0 = Release|Any CPU
		{26FF9590-66C7-4B87-9574-E816E1E36628}.Debug|Any CPU.ActiveCfg = Debug|Any CPU
		{26FF9590-66C7-4B87-9574-E816E1E36628}.Debug|Any CPU.Build.0 = Debug|Any CPU
		{26FF9590-66C7-4B87-9574-E816E1E36628}.Debug|ARM.ActiveCfg = Debug|Any CPU
		{26FF9590-66C7-4B87-9574-E816E1E36628}.Debug|ARM.Build.0 = Debug|Any CPU
		{26FF9590-66C7-4B87-9574-E816E1E36628}.Debug|ARM64.ActiveCfg = Debug|Any CPU
		{26FF9590-66C7-4B87-9574-E816E1E36628}.Debug|ARM64.Build.0 = Debug|Any CPU
		{26FF9590-66C7-4B87-9574-E816E1E36628}.Debug|x64.ActiveCfg = Debug|Any CPU
		{26FF9590-66C7-4B87-9574-E816E1E36628}.Debug|x64.Build.0 = Debug|Any CPU
		{26FF9590-66C7-4B87-9574-E816E1E36628}.Debug|x86.ActiveCfg = Debug|Any CPU
		{26FF9590-66C7-4B87-9574-E816E1E36628}.Debug|x86.Build.0 = Debug|Any CPU
		{26FF9590-66C7-4B87-9574-E816E1E36628}.Release|Any CPU.ActiveCfg = Release|Any CPU
		{26FF9590-66C7-4B87-9574-E816E1E36628}.Release|Any CPU.Build.0 = Release|Any CPU
		{26FF9590-66C7-4B87-9574-E816E1E36628}.Release|ARM.ActiveCfg = Release|Any CPU
		{26FF9590-66C7-4B87-9574-E816E1E36628}.Release|ARM.Build.0 = Release|Any CPU
		{26FF9590-66C7-4B87-9574-E816E1E36628}.Release|ARM64.ActiveCfg = Release|Any CPU
		{26FF9590-66C7-4B87-9574-E816E1E36628}.Release|ARM64.Build.0 = Release|Any CPU
		{26FF9590-66C7-4B87-9574-E816E1E36628}.Release|x64.ActiveCfg = Release|Any CPU
		{26FF9590-66C7-4B87-9574-E816E1E36628}.Release|x64.Build.0 = Release|Any CPU
		{26FF9590-66C7-4B87-9574-E816E1E36628}.Release|x86.ActiveCfg = Release|Any CPU
		{26FF9590-66C7-4B87-9574-E816E1E36628}.Release|x86.Build.0 = Release|Any CPU
		{C2014EE2-F17C-478E-B282-9D0971065BB8}.Debug|Any CPU.ActiveCfg = Debug|Any CPU
		{C2014EE2-F17C-478E-B282-9D0971065BB8}.Debug|Any CPU.Build.0 = Debug|Any CPU
		{C2014EE2-F17C-478E-B282-9D0971065BB8}.Debug|ARM.ActiveCfg = Debug|Any CPU
		{C2014EE2-F17C-478E-B282-9D0971065BB8}.Debug|ARM.Build.0 = Debug|Any CPU
		{C2014EE2-F17C-478E-B282-9D0971065BB8}.Debug|ARM64.ActiveCfg = Debug|Any CPU
		{C2014EE2-F17C-478E-B282-9D0971065BB8}.Debug|ARM64.Build.0 = Debug|Any CPU
		{C2014EE2-F17C-478E-B282-9D0971065BB8}.Debug|x64.ActiveCfg = Debug|Any CPU
		{C2014EE2-F17C-478E-B282-9D0971065BB8}.Debug|x64.Build.0 = Debug|Any CPU
		{C2014EE2-F17C-478E-B282-9D0971065BB8}.Debug|x86.ActiveCfg = Debug|Any CPU
		{C2014EE2-F17C-478E-B282-9D0971065BB8}.Debug|x86.Build.0 = Debug|Any CPU
		{C2014EE2-F17C-478E-B282-9D0971065BB8}.Release|Any CPU.ActiveCfg = Release|Any CPU
		{C2014EE2-F17C-478E-B282-9D0971065BB8}.Release|Any CPU.Build.0 = Release|Any CPU
		{C2014EE2-F17C-478E-B282-9D0971065BB8}.Release|ARM.ActiveCfg = Release|Any CPU
		{C2014EE2-F17C-478E-B282-9D0971065BB8}.Release|ARM.Build.0 = Release|Any CPU
		{C2014EE2-F17C-478E-B282-9D0971065BB8}.Release|ARM64.ActiveCfg = Release|Any CPU
		{C2014EE2-F17C-478E-B282-9D0971065BB8}.Release|ARM64.Build.0 = Release|Any CPU
		{C2014EE2-F17C-478E-B282-9D0971065BB8}.Release|x64.ActiveCfg = Release|Any CPU
		{C2014EE2-F17C-478E-B282-9D0971065BB8}.Release|x64.Build.0 = Release|Any CPU
		{C2014EE2-F17C-478E-B282-9D0971065BB8}.Release|x86.ActiveCfg = Release|Any CPU
		{C2014EE2-F17C-478E-B282-9D0971065BB8}.Release|x86.Build.0 = Release|Any CPU
		{A798CB57-4743-4486-BF0E-93F7563A542B}.Debug|Any CPU.ActiveCfg = Debug|Any CPU
		{A798CB57-4743-4486-BF0E-93F7563A542B}.Debug|Any CPU.Build.0 = Debug|Any CPU
		{A798CB57-4743-4486-BF0E-93F7563A542B}.Debug|ARM.ActiveCfg = Debug|Any CPU
		{A798CB57-4743-4486-BF0E-93F7563A542B}.Debug|ARM.Build.0 = Debug|Any CPU
		{A798CB57-4743-4486-BF0E-93F7563A542B}.Debug|ARM64.ActiveCfg = Debug|Any CPU
		{A798CB57-4743-4486-BF0E-93F7563A542B}.Debug|ARM64.Build.0 = Debug|Any CPU
		{A798CB57-4743-4486-BF0E-93F7563A542B}.Debug|x64.ActiveCfg = Debug|Any CPU
		{A798CB57-4743-4486-BF0E-93F7563A542B}.Debug|x64.Build.0 = Debug|Any CPU
		{A798CB57-4743-4486-BF0E-93F7563A542B}.Debug|x86.ActiveCfg = Debug|Any CPU
		{A798CB57-4743-4486-BF0E-93F7563A542B}.Debug|x86.Build.0 = Debug|Any CPU
		{A798CB57-4743-4486-BF0E-93F7563A542B}.Release|Any CPU.ActiveCfg = Release|Any CPU
		{A798CB57-4743-4486-BF0E-93F7563A542B}.Release|Any CPU.Build.0 = Release|Any CPU
		{A798CB57-4743-4486-BF0E-93F7563A542B}.Release|ARM.ActiveCfg = Release|Any CPU
		{A798CB57-4743-4486-BF0E-93F7563A542B}.Release|ARM.Build.0 = Release|Any CPU
		{A798CB57-4743-4486-BF0E-93F7563A542B}.Release|ARM64.ActiveCfg = Release|Any CPU
		{A798CB57-4743-4486-BF0E-93F7563A542B}.Release|ARM64.Build.0 = Release|Any CPU
		{A798CB57-4743-4486-BF0E-93F7563A542B}.Release|x64.ActiveCfg = Release|Any CPU
		{A798CB57-4743-4486-BF0E-93F7563A542B}.Release|x64.Build.0 = Release|Any CPU
		{A798CB57-4743-4486-BF0E-93F7563A542B}.Release|x86.ActiveCfg = Release|Any CPU
		{A798CB57-4743-4486-BF0E-93F7563A542B}.Release|x86.Build.0 = Release|Any CPU
		{E38D9928-A0A6-4978-BD7E-C7F2E2B6BC9B}.Debug|Any CPU.ActiveCfg = Debug|Any CPU
		{E38D9928-A0A6-4978-BD7E-C7F2E2B6BC9B}.Debug|Any CPU.Build.0 = Debug|Any CPU
		{E38D9928-A0A6-4978-BD7E-C7F2E2B6BC9B}.Debug|ARM.ActiveCfg = Debug|Any CPU
		{E38D9928-A0A6-4978-BD7E-C7F2E2B6BC9B}.Debug|ARM.Build.0 = Debug|Any CPU
		{E38D9928-A0A6-4978-BD7E-C7F2E2B6BC9B}.Debug|ARM64.ActiveCfg = Debug|Any CPU
		{E38D9928-A0A6-4978-BD7E-C7F2E2B6BC9B}.Debug|ARM64.Build.0 = Debug|Any CPU
		{E38D9928-A0A6-4978-BD7E-C7F2E2B6BC9B}.Debug|x64.ActiveCfg = Debug|Any CPU
		{E38D9928-A0A6-4978-BD7E-C7F2E2B6BC9B}.Debug|x64.Build.0 = Debug|Any CPU
		{E38D9928-A0A6-4978-BD7E-C7F2E2B6BC9B}.Debug|x86.ActiveCfg = Debug|Any CPU
		{E38D9928-A0A6-4978-BD7E-C7F2E2B6BC9B}.Debug|x86.Build.0 = Debug|Any CPU
		{E38D9928-A0A6-4978-BD7E-C7F2E2B6BC9B}.Release|Any CPU.ActiveCfg = Release|Any CPU
		{E38D9928-A0A6-4978-BD7E-C7F2E2B6BC9B}.Release|Any CPU.Build.0 = Release|Any CPU
		{E38D9928-A0A6-4978-BD7E-C7F2E2B6BC9B}.Release|ARM.ActiveCfg = Release|Any CPU
		{E38D9928-A0A6-4978-BD7E-C7F2E2B6BC9B}.Release|ARM.Build.0 = Release|Any CPU
		{E38D9928-A0A6-4978-BD7E-C7F2E2B6BC9B}.Release|ARM64.ActiveCfg = Release|Any CPU
		{E38D9928-A0A6-4978-BD7E-C7F2E2B6BC9B}.Release|ARM64.Build.0 = Release|Any CPU
		{E38D9928-A0A6-4978-BD7E-C7F2E2B6BC9B}.Release|x64.ActiveCfg = Release|Any CPU
		{E38D9928-A0A6-4978-BD7E-C7F2E2B6BC9B}.Release|x64.Build.0 = Release|Any CPU
		{E38D9928-A0A6-4978-BD7E-C7F2E2B6BC9B}.Release|x86.ActiveCfg = Release|Any CPU
		{E38D9928-A0A6-4978-BD7E-C7F2E2B6BC9B}.Release|x86.Build.0 = Release|Any CPU
		{DF4F5FA8-0E3F-4D84-A048-20242FD032BC}.Debug|Any CPU.ActiveCfg = Debug|Any CPU
		{DF4F5FA8-0E3F-4D84-A048-20242FD032BC}.Debug|Any CPU.Build.0 = Debug|Any CPU
		{DF4F5FA8-0E3F-4D84-A048-20242FD032BC}.Debug|ARM.ActiveCfg = Debug|Any CPU
		{DF4F5FA8-0E3F-4D84-A048-20242FD032BC}.Debug|ARM.Build.0 = Debug|Any CPU
		{DF4F5FA8-0E3F-4D84-A048-20242FD032BC}.Debug|ARM64.ActiveCfg = Debug|Any CPU
		{DF4F5FA8-0E3F-4D84-A048-20242FD032BC}.Debug|ARM64.Build.0 = Debug|Any CPU
		{DF4F5FA8-0E3F-4D84-A048-20242FD032BC}.Debug|x64.ActiveCfg = Debug|Any CPU
		{DF4F5FA8-0E3F-4D84-A048-20242FD032BC}.Debug|x64.Build.0 = Debug|Any CPU
		{DF4F5FA8-0E3F-4D84-A048-20242FD032BC}.Debug|x86.ActiveCfg = Debug|Any CPU
		{DF4F5FA8-0E3F-4D84-A048-20242FD032BC}.Debug|x86.Build.0 = Debug|Any CPU
		{DF4F5FA8-0E3F-4D84-A048-20242FD032BC}.Release|Any CPU.ActiveCfg = Release|Any CPU
		{DF4F5FA8-0E3F-4D84-A048-20242FD032BC}.Release|Any CPU.Build.0 = Release|Any CPU
		{DF4F5FA8-0E3F-4D84-A048-20242FD032BC}.Release|ARM.ActiveCfg = Release|Any CPU
		{DF4F5FA8-0E3F-4D84-A048-20242FD032BC}.Release|ARM.Build.0 = Release|Any CPU
		{DF4F5FA8-0E3F-4D84-A048-20242FD032BC}.Release|ARM64.ActiveCfg = Release|Any CPU
		{DF4F5FA8-0E3F-4D84-A048-20242FD032BC}.Release|ARM64.Build.0 = Release|Any CPU
		{DF4F5FA8-0E3F-4D84-A048-20242FD032BC}.Release|x64.ActiveCfg = Release|Any CPU
		{DF4F5FA8-0E3F-4D84-A048-20242FD032BC}.Release|x64.Build.0 = Release|Any CPU
		{DF4F5FA8-0E3F-4D84-A048-20242FD032BC}.Release|x86.ActiveCfg = Release|Any CPU
		{DF4F5FA8-0E3F-4D84-A048-20242FD032BC}.Release|x86.Build.0 = Release|Any CPU
		{C90AA844-B355-4C62-96FA-D4F338EE094A}.Debug|Any CPU.ActiveCfg = Debug|Any CPU
		{C90AA844-B355-4C62-96FA-D4F338EE094A}.Debug|Any CPU.Build.0 = Debug|Any CPU
		{C90AA844-B355-4C62-96FA-D4F338EE094A}.Debug|ARM.ActiveCfg = Debug|Any CPU
		{C90AA844-B355-4C62-96FA-D4F338EE094A}.Debug|ARM.Build.0 = Debug|Any CPU
		{C90AA844-B355-4C62-96FA-D4F338EE094A}.Debug|ARM64.ActiveCfg = Debug|Any CPU
		{C90AA844-B355-4C62-96FA-D4F338EE094A}.Debug|ARM64.Build.0 = Debug|Any CPU
		{C90AA844-B355-4C62-96FA-D4F338EE094A}.Debug|x64.ActiveCfg = Debug|Any CPU
		{C90AA844-B355-4C62-96FA-D4F338EE094A}.Debug|x64.Build.0 = Debug|Any CPU
		{C90AA844-B355-4C62-96FA-D4F338EE094A}.Debug|x86.ActiveCfg = Debug|Any CPU
		{C90AA844-B355-4C62-96FA-D4F338EE094A}.Debug|x86.Build.0 = Debug|Any CPU
		{C90AA844-B355-4C62-96FA-D4F338EE094A}.Release|Any CPU.ActiveCfg = Release|Any CPU
		{C90AA844-B355-4C62-96FA-D4F338EE094A}.Release|Any CPU.Build.0 = Release|Any CPU
		{C90AA844-B355-4C62-96FA-D4F338EE094A}.Release|ARM.ActiveCfg = Release|Any CPU
		{C90AA844-B355-4C62-96FA-D4F338EE094A}.Release|ARM.Build.0 = Release|Any CPU
		{C90AA844-B355-4C62-96FA-D4F338EE094A}.Release|ARM64.ActiveCfg = Release|Any CPU
		{C90AA844-B355-4C62-96FA-D4F338EE094A}.Release|ARM64.Build.0 = Release|Any CPU
		{C90AA844-B355-4C62-96FA-D4F338EE094A}.Release|x64.ActiveCfg = Release|Any CPU
		{C90AA844-B355-4C62-96FA-D4F338EE094A}.Release|x64.Build.0 = Release|Any CPU
		{C90AA844-B355-4C62-96FA-D4F338EE094A}.Release|x86.ActiveCfg = Release|Any CPU
		{C90AA844-B355-4C62-96FA-D4F338EE094A}.Release|x86.Build.0 = Release|Any CPU
		{B7DF13CF-BDF5-4154-8C83-31A6D7514D11}.Debug|Any CPU.ActiveCfg = Debug|Any CPU
		{B7DF13CF-BDF5-4154-8C83-31A6D7514D11}.Debug|Any CPU.Build.0 = Debug|Any CPU
		{B7DF13CF-BDF5-4154-8C83-31A6D7514D11}.Debug|ARM.ActiveCfg = Debug|Any CPU
		{B7DF13CF-BDF5-4154-8C83-31A6D7514D11}.Debug|ARM.Build.0 = Debug|Any CPU
		{B7DF13CF-BDF5-4154-8C83-31A6D7514D11}.Debug|ARM64.ActiveCfg = Debug|Any CPU
		{B7DF13CF-BDF5-4154-8C83-31A6D7514D11}.Debug|ARM64.Build.0 = Debug|Any CPU
		{B7DF13CF-BDF5-4154-8C83-31A6D7514D11}.Debug|x64.ActiveCfg = Debug|Any CPU
		{B7DF13CF-BDF5-4154-8C83-31A6D7514D11}.Debug|x64.Build.0 = Debug|Any CPU
		{B7DF13CF-BDF5-4154-8C83-31A6D7514D11}.Debug|x86.ActiveCfg = Debug|Any CPU
		{B7DF13CF-BDF5-4154-8C83-31A6D7514D11}.Debug|x86.Build.0 = Debug|Any CPU
		{B7DF13CF-BDF5-4154-8C83-31A6D7514D11}.Release|Any CPU.ActiveCfg = Release|Any CPU
		{B7DF13CF-BDF5-4154-8C83-31A6D7514D11}.Release|Any CPU.Build.0 = Release|Any CPU
		{B7DF13CF-BDF5-4154-8C83-31A6D7514D11}.Release|ARM.ActiveCfg = Release|Any CPU
		{B7DF13CF-BDF5-4154-8C83-31A6D7514D11}.Release|ARM.Build.0 = Release|Any CPU
		{B7DF13CF-BDF5-4154-8C83-31A6D7514D11}.Release|ARM64.ActiveCfg = Release|Any CPU
		{B7DF13CF-BDF5-4154-8C83-31A6D7514D11}.Release|ARM64.Build.0 = Release|Any CPU
		{B7DF13CF-BDF5-4154-8C83-31A6D7514D11}.Release|x64.ActiveCfg = Release|Any CPU
		{B7DF13CF-BDF5-4154-8C83-31A6D7514D11}.Release|x64.Build.0 = Release|Any CPU
		{B7DF13CF-BDF5-4154-8C83-31A6D7514D11}.Release|x86.ActiveCfg = Release|Any CPU
		{B7DF13CF-BDF5-4154-8C83-31A6D7514D11}.Release|x86.Build.0 = Release|Any CPU
		{1F18CE9A-8E4A-43AB-8E17-34F7564E2198}.Debug|Any CPU.ActiveCfg = Debug|Any CPU
		{1F18CE9A-8E4A-43AB-8E17-34F7564E2198}.Debug|Any CPU.Build.0 = Debug|Any CPU
		{1F18CE9A-8E4A-43AB-8E17-34F7564E2198}.Debug|ARM.ActiveCfg = Debug|Any CPU
		{1F18CE9A-8E4A-43AB-8E17-34F7564E2198}.Debug|ARM.Build.0 = Debug|Any CPU
		{1F18CE9A-8E4A-43AB-8E17-34F7564E2198}.Debug|ARM64.ActiveCfg = Debug|Any CPU
		{1F18CE9A-8E4A-43AB-8E17-34F7564E2198}.Debug|ARM64.Build.0 = Debug|Any CPU
		{1F18CE9A-8E4A-43AB-8E17-34F7564E2198}.Debug|x64.ActiveCfg = Debug|Any CPU
		{1F18CE9A-8E4A-43AB-8E17-34F7564E2198}.Debug|x64.Build.0 = Debug|Any CPU
		{1F18CE9A-8E4A-43AB-8E17-34F7564E2198}.Debug|x86.ActiveCfg = Debug|Any CPU
		{1F18CE9A-8E4A-43AB-8E17-34F7564E2198}.Debug|x86.Build.0 = Debug|Any CPU
		{1F18CE9A-8E4A-43AB-8E17-34F7564E2198}.Release|Any CPU.ActiveCfg = Release|Any CPU
		{1F18CE9A-8E4A-43AB-8E17-34F7564E2198}.Release|Any CPU.Build.0 = Release|Any CPU
		{1F18CE9A-8E4A-43AB-8E17-34F7564E2198}.Release|ARM.ActiveCfg = Release|Any CPU
		{1F18CE9A-8E4A-43AB-8E17-34F7564E2198}.Release|ARM.Build.0 = Release|Any CPU
		{1F18CE9A-8E4A-43AB-8E17-34F7564E2198}.Release|ARM64.ActiveCfg = Release|Any CPU
		{1F18CE9A-8E4A-43AB-8E17-34F7564E2198}.Release|ARM64.Build.0 = Release|Any CPU
		{1F18CE9A-8E4A-43AB-8E17-34F7564E2198}.Release|x64.ActiveCfg = Release|Any CPU
		{1F18CE9A-8E4A-43AB-8E17-34F7564E2198}.Release|x64.Build.0 = Release|Any CPU
		{1F18CE9A-8E4A-43AB-8E17-34F7564E2198}.Release|x86.ActiveCfg = Release|Any CPU
		{1F18CE9A-8E4A-43AB-8E17-34F7564E2198}.Release|x86.Build.0 = Release|Any CPU
		{8F87B73D-8A5D-4335-96E9-97EE0495B671}.Debug|Any CPU.ActiveCfg = Debug|Any CPU
		{8F87B73D-8A5D-4335-96E9-97EE0495B671}.Debug|Any CPU.Build.0 = Debug|Any CPU
		{8F87B73D-8A5D-4335-96E9-97EE0495B671}.Debug|ARM.ActiveCfg = Debug|Any CPU
		{8F87B73D-8A5D-4335-96E9-97EE0495B671}.Debug|ARM.Build.0 = Debug|Any CPU
		{8F87B73D-8A5D-4335-96E9-97EE0495B671}.Debug|ARM64.ActiveCfg = Debug|Any CPU
		{8F87B73D-8A5D-4335-96E9-97EE0495B671}.Debug|ARM64.Build.0 = Debug|Any CPU
		{8F87B73D-8A5D-4335-96E9-97EE0495B671}.Debug|x64.ActiveCfg = Debug|Any CPU
		{8F87B73D-8A5D-4335-96E9-97EE0495B671}.Debug|x64.Build.0 = Debug|Any CPU
		{8F87B73D-8A5D-4335-96E9-97EE0495B671}.Debug|x86.ActiveCfg = Debug|Any CPU
		{8F87B73D-8A5D-4335-96E9-97EE0495B671}.Debug|x86.Build.0 = Debug|Any CPU
		{8F87B73D-8A5D-4335-96E9-97EE0495B671}.Release|Any CPU.ActiveCfg = Release|Any CPU
		{8F87B73D-8A5D-4335-96E9-97EE0495B671}.Release|Any CPU.Build.0 = Release|Any CPU
		{8F87B73D-8A5D-4335-96E9-97EE0495B671}.Release|ARM.ActiveCfg = Release|Any CPU
		{8F87B73D-8A5D-4335-96E9-97EE0495B671}.Release|ARM.Build.0 = Release|Any CPU
		{8F87B73D-8A5D-4335-96E9-97EE0495B671}.Release|ARM64.ActiveCfg = Release|Any CPU
		{8F87B73D-8A5D-4335-96E9-97EE0495B671}.Release|ARM64.Build.0 = Release|Any CPU
		{8F87B73D-8A5D-4335-96E9-97EE0495B671}.Release|x64.ActiveCfg = Release|Any CPU
		{8F87B73D-8A5D-4335-96E9-97EE0495B671}.Release|x64.Build.0 = Release|Any CPU
		{8F87B73D-8A5D-4335-96E9-97EE0495B671}.Release|x86.ActiveCfg = Release|Any CPU
		{8F87B73D-8A5D-4335-96E9-97EE0495B671}.Release|x86.Build.0 = Release|Any CPU
		{A26EF3E9-C267-499C-B5AB-E4FB3C7AB6E1}.Debug|Any CPU.ActiveCfg = Debug|Any CPU
		{A26EF3E9-C267-499C-B5AB-E4FB3C7AB6E1}.Debug|Any CPU.Build.0 = Debug|Any CPU
		{A26EF3E9-C267-499C-B5AB-E4FB3C7AB6E1}.Debug|ARM.ActiveCfg = Debug|Any CPU
		{A26EF3E9-C267-499C-B5AB-E4FB3C7AB6E1}.Debug|ARM.Build.0 = Debug|Any CPU
		{A26EF3E9-C267-499C-B5AB-E4FB3C7AB6E1}.Debug|ARM64.ActiveCfg = Debug|Any CPU
		{A26EF3E9-C267-499C-B5AB-E4FB3C7AB6E1}.Debug|ARM64.Build.0 = Debug|Any CPU
		{A26EF3E9-C267-499C-B5AB-E4FB3C7AB6E1}.Debug|x64.ActiveCfg = Debug|Any CPU
		{A26EF3E9-C267-499C-B5AB-E4FB3C7AB6E1}.Debug|x64.Build.0 = Debug|Any CPU
		{A26EF3E9-C267-499C-B5AB-E4FB3C7AB6E1}.Debug|x86.ActiveCfg = Debug|Any CPU
		{A26EF3E9-C267-499C-B5AB-E4FB3C7AB6E1}.Debug|x86.Build.0 = Debug|Any CPU
		{A26EF3E9-C267-499C-B5AB-E4FB3C7AB6E1}.Release|Any CPU.ActiveCfg = Release|Any CPU
		{A26EF3E9-C267-499C-B5AB-E4FB3C7AB6E1}.Release|Any CPU.Build.0 = Release|Any CPU
		{A26EF3E9-C267-499C-B5AB-E4FB3C7AB6E1}.Release|ARM.ActiveCfg = Release|Any CPU
		{A26EF3E9-C267-499C-B5AB-E4FB3C7AB6E1}.Release|ARM.Build.0 = Release|Any CPU
		{A26EF3E9-C267-499C-B5AB-E4FB3C7AB6E1}.Release|ARM64.ActiveCfg = Release|Any CPU
		{A26EF3E9-C267-499C-B5AB-E4FB3C7AB6E1}.Release|ARM64.Build.0 = Release|Any CPU
		{A26EF3E9-C267-499C-B5AB-E4FB3C7AB6E1}.Release|x64.ActiveCfg = Release|Any CPU
		{A26EF3E9-C267-499C-B5AB-E4FB3C7AB6E1}.Release|x64.Build.0 = Release|Any CPU
		{A26EF3E9-C267-499C-B5AB-E4FB3C7AB6E1}.Release|x86.ActiveCfg = Release|Any CPU
		{A26EF3E9-C267-499C-B5AB-E4FB3C7AB6E1}.Release|x86.Build.0 = Release|Any CPU
		{89D96078-2951-44C2-B5B1-1DA0D5E94C0C}.Debug|Any CPU.ActiveCfg = Debug|Any CPU
		{89D96078-2951-44C2-B5B1-1DA0D5E94C0C}.Debug|Any CPU.Build.0 = Debug|Any CPU
		{89D96078-2951-44C2-B5B1-1DA0D5E94C0C}.Debug|ARM.ActiveCfg = Debug|Any CPU
		{89D96078-2951-44C2-B5B1-1DA0D5E94C0C}.Debug|ARM.Build.0 = Debug|Any CPU
		{89D96078-2951-44C2-B5B1-1DA0D5E94C0C}.Debug|ARM64.ActiveCfg = Debug|Any CPU
		{89D96078-2951-44C2-B5B1-1DA0D5E94C0C}.Debug|ARM64.Build.0 = Debug|Any CPU
		{89D96078-2951-44C2-B5B1-1DA0D5E94C0C}.Debug|x64.ActiveCfg = Debug|Any CPU
		{89D96078-2951-44C2-B5B1-1DA0D5E94C0C}.Debug|x64.Build.0 = Debug|Any CPU
		{89D96078-2951-44C2-B5B1-1DA0D5E94C0C}.Debug|x86.ActiveCfg = Debug|Any CPU
		{89D96078-2951-44C2-B5B1-1DA0D5E94C0C}.Debug|x86.Build.0 = Debug|Any CPU
		{89D96078-2951-44C2-B5B1-1DA0D5E94C0C}.Release|Any CPU.ActiveCfg = Release|Any CPU
		{89D96078-2951-44C2-B5B1-1DA0D5E94C0C}.Release|Any CPU.Build.0 = Release|Any CPU
		{89D96078-2951-44C2-B5B1-1DA0D5E94C0C}.Release|ARM.ActiveCfg = Release|Any CPU
		{89D96078-2951-44C2-B5B1-1DA0D5E94C0C}.Release|ARM.Build.0 = Release|Any CPU
		{89D96078-2951-44C2-B5B1-1DA0D5E94C0C}.Release|ARM64.ActiveCfg = Release|Any CPU
		{89D96078-2951-44C2-B5B1-1DA0D5E94C0C}.Release|ARM64.Build.0 = Release|Any CPU
		{89D96078-2951-44C2-B5B1-1DA0D5E94C0C}.Release|x64.ActiveCfg = Release|Any CPU
		{89D96078-2951-44C2-B5B1-1DA0D5E94C0C}.Release|x64.Build.0 = Release|Any CPU
		{89D96078-2951-44C2-B5B1-1DA0D5E94C0C}.Release|x86.ActiveCfg = Release|Any CPU
		{89D96078-2951-44C2-B5B1-1DA0D5E94C0C}.Release|x86.Build.0 = Release|Any CPU
	EndGlobalSection
	GlobalSection(SolutionProperties) = preSolution
		HideSolutionNode = FALSE
	EndGlobalSection
	GlobalSection(NestedProjects) = preSolution
		{409FE957-77C4-40E9-80F2-EBE26676645E} = {D6E372DC-10D3-4997-9DFC-568B4666635A}
		{48ED60BB-E01F-4395-978E-D25C11C25E52} = {D6E372DC-10D3-4997-9DFC-568B4666635A}
		{6214312F-61F1-4F4C-A9E2-3383987DE266} = {D6E372DC-10D3-4997-9DFC-568B4666635A}
		{C85EAF73-3491-4C67-9047-B677CC999184} = {D6E372DC-10D3-4997-9DFC-568B4666635A}
		{F780A2C4-0DAD-4DAA-AF2E-7B35683535EB} = {D6E372DC-10D3-4997-9DFC-568B4666635A}
		{74B95BAF-0DB4-42C8-92EA-A364E8080809} = {D6E372DC-10D3-4997-9DFC-568B4666635A}
		{26FF9590-66C7-4B87-9574-E816E1E36628} = {D6E372DC-10D3-4997-9DFC-568B4666635A}
		{C2014EE2-F17C-478E-B282-9D0971065BB8} = {D6E372DC-10D3-4997-9DFC-568B4666635A}
		{DF4F5FA8-0E3F-4D84-A048-20242FD032BC} = {D6E372DC-10D3-4997-9DFC-568B4666635A}
		{C90AA844-B355-4C62-96FA-D4F338EE094A} = {D6E372DC-10D3-4997-9DFC-568B4666635A}
		{B7DF13CF-BDF5-4154-8C83-31A6D7514D11} = {D6E372DC-10D3-4997-9DFC-568B4666635A}
		{1F18CE9A-8E4A-43AB-8E17-34F7564E2198} = {D6E372DC-10D3-4997-9DFC-568B4666635A}
		{8F87B73D-8A5D-4335-96E9-97EE0495B671} = {D6E372DC-10D3-4997-9DFC-568B4666635A}
		{A26EF3E9-C267-499C-B5AB-E4FB3C7AB6E1} = {D6E372DC-10D3-4997-9DFC-568B4666635A}
		{89D96078-2951-44C2-B5B1-1DA0D5E94C0C} = {D6E372DC-10D3-4997-9DFC-568B4666635A}
	EndGlobalSection
	GlobalSection(ExtensibilityGlobals) = postSolution
		SolutionGuid = {1765ABAA-0652-4DA5-ABBF-05396F2957D7}
	EndGlobalSection
EndGlobal
